
Microsoft Visual Studio Solution File, Format Version 12.00
# Visual Studio 15
VisualStudioVersion = 15.0.26124.0
MinimumVisualStudioVersion = 15.0.26124.0
Project("{2150E333-8FDC-42A3-9474-1A3956D46DE8}") = "src", "src", "{37E3CF7E-AE34-4CC8-ACD7-AED7611C5797}"
EndProject
Project("{FAE04EC0-301F-11D3-BF4B-00C04F79EFBC}") = "Modulare.Package.Core.HttpClientManager", "src\Modulare.Package.Core.HttpClientManager\Modulare.Package.Core.HttpClientManager.csproj", "{56A39F68-F9B2-4D64-9657-2733C24298A1}"
EndProject
Project("{FAE04EC0-301F-11D3-BF4B-00C04F79EFBC}") = "Modulare.Package.Core.DomainEventManager", "src\Modulare.Package.Core.DomainEventManager\Modulare.Package.Core.DomainEventManager.csproj", "{128BD14D-3A43-48BF-AF30-16F85EF2983A}"
EndProject
Project("{FAE04EC0-301F-11D3-BF4B-00C04F79EFBC}") = "Modulare.Package.Core.KafkaManager", "src\Modulare.Package.Core.KafkaManager\Modulare.Package.Core.KafkaManager.csproj", "{7E5A0407-034A-4480-A488-00190789362B}"
EndProject
Global
	GlobalSection(SolutionConfigurationPlatforms) = preSolution
		Debug|Any CPU = Debug|Any CPU
		Debug|x64 = Debug|x64
		Debug|x86 = Debug|x86
		Release|Any CPU = Release|Any CPU
		Release|x64 = Release|x64
		Release|x86 = Release|x86
	EndGlobalSection
	GlobalSection(SolutionProperties) = preSolution
		HideSolutionNode = FALSE
	EndGlobalSection
	GlobalSection(ProjectConfigurationPlatforms) = postSolution
		{56A39F68-F9B2-4D64-9657-2733C24298A1}.Debug|Any CPU.ActiveCfg = Debug|Any CPU
		{56A39F68-F9B2-4D64-9657-2733C24298A1}.Debug|Any CPU.Build.0 = Debug|Any CPU
		{56A39F68-F9B2-4D64-9657-2733C24298A1}.Debug|x64.ActiveCfg = Debug|Any CPU
		{56A39F68-F9B2-4D64-9657-2733C24298A1}.Debug|x64.Build.0 = Debug|Any CPU
		{56A39F68-F9B2-4D64-9657-2733C24298A1}.Debug|x86.ActiveCfg = Debug|Any CPU
		{56A39F68-F9B2-4D64-9657-2733C24298A1}.Debug|x86.Build.0 = Debug|Any CPU
		{56A39F68-F9B2-4D64-9657-2733C24298A1}.Release|Any CPU.ActiveCfg = Release|Any CPU
		{56A39F68-F9B2-4D64-9657-2733C24298A1}.Release|Any CPU.Build.0 = Release|Any CPU
		{56A39F68-F9B2-4D64-9657-2733C24298A1}.Release|x64.ActiveCfg = Release|Any CPU
		{56A39F68-F9B2-4D64-9657-2733C24298A1}.Release|x64.Build.0 = Release|Any CPU
		{56A39F68-F9B2-4D64-9657-2733C24298A1}.Release|x86.ActiveCfg = Release|Any CPU
		{56A39F68-F9B2-4D64-9657-2733C24298A1}.Release|x86.Build.0 = Release|Any CPU
		{128BD14D-3A43-48BF-AF30-16F85EF2983A}.Debug|Any CPU.ActiveCfg = Debug|Any CPU
		{128BD14D-3A43-48BF-AF30-16F85EF2983A}.Debug|Any CPU.Build.0 = Debug|Any CPU
		{128BD14D-3A43-48BF-AF30-16F85EF2983A}.Debug|x64.ActiveCfg = Debug|Any CPU
		{128BD14D-3A43-48BF-AF30-16F85EF2983A}.Debug|x64.Build.0 = Debug|Any CPU
		{128BD14D-3A43-48BF-AF30-16F85EF2983A}.Debug|x86.ActiveCfg = Debug|Any CPU
		{128BD14D-3A43-48BF-AF30-16F85EF2983A}.Debug|x86.Build.0 = Debug|Any CPU
		{128BD14D-3A43-48BF-AF30-16F85EF2983A}.Release|Any CPU.ActiveCfg = Release|Any CPU
		{128BD14D-3A43-48BF-AF30-16F85EF2983A}.Release|Any CPU.Build.0 = Release|Any CPU
		{128BD14D-3A43-48BF-AF30-16F85EF2983A}.Release|x64.ActiveCfg = Release|Any CPU
		{128BD14D-3A43-48BF-AF30-16F85EF2983A}.Release|x64.Build.0 = Release|Any CPU
		{128BD14D-3A43-48BF-AF30-16F85EF2983A}.Release|x86.ActiveCfg = Release|Any CPU
		{128BD14D-3A43-48BF-AF30-16F85EF2983A}.Release|x86.Build.0 = Release|Any CPU
		{7E5A0407-034A-4480-A488-00190789362B}.Debug|Any CPU.ActiveCfg = Debug|Any CPU
		{7E5A0407-034A-4480-A488-00190789362B}.Debug|Any CPU.Build.0 = Debug|Any CPU
		{7E5A0407-034A-4480-A488-00190789362B}.Debug|x64.ActiveCfg = Debug|Any CPU
		{7E5A0407-034A-4480-A488-00190789362B}.Debug|x64.Build.0 = Debug|Any CPU
		{7E5A0407-034A-4480-A488-00190789362B}.Debug|x86.ActiveCfg = Debug|Any CPU
		{7E5A0407-034A-4480-A488-00190789362B}.Debug|x86.Build.0 = Debug|Any CPU
		{7E5A0407-034A-4480-A488-00190789362B}.Release|Any CPU.ActiveCfg = Release|Any CPU
		{7E5A0407-034A-4480-A488-00190789362B}.Release|Any CPU.Build.0 = Release|Any CPU
		{7E5A0407-034A-4480-A488-00190789362B}.Release|x64.ActiveCfg = Release|Any CPU
		{7E5A0407-034A-4480-A488-00190789362B}.Release|x64.Build.0 = Release|Any CPU
		{7E5A0407-034A-4480-A488-00190789362B}.Release|x86.ActiveCfg = Release|Any CPU
		{7E5A0407-034A-4480-A488-00190789362B}.Release|x86.Build.0 = Release|Any CPU
	EndGlobalSection
	GlobalSection(NestedProjects) = preSolution
		{56A39F68-F9B2-4D64-9657-2733C24298A1} = {37E3CF7E-AE34-4CC8-ACD7-AED7611C5797}
		{128BD14D-3A43-48BF-AF30-16F85EF2983A} = {37E3CF7E-AE34-4CC8-ACD7-AED7611C5797}
		{7E5A0407-034A-4480-A488-00190789362B} = {37E3CF7E-AE34-4CC8-ACD7-AED7611C5797}
	EndGlobalSection
EndGlobal
